
Microsoft Visual Studio Solution File, Format Version 12.00
# Visual Studio 15
Project("{FAE04EC0-301F-11D3-BF4B-00C04F79EFBC}") = "BattleForNarnia", "BattleForNarnia.csproj", "{7DB7CEAC-912E-48DB-ABD9-D918D1E899EE}"
EndProject
Global
	GlobalSection(SolutionConfigurationPlatforms) = preSolution
		Debug|Any CPU = Debug|Any CPU
		Release|Any CPU = Release|Any CPU
	EndGlobalSection
	GlobalSection(ProjectConfigurationPlatforms) = postSolution
		{7DB7CEAC-912E-48DB-ABD9-D918D1E899EE}.Debug|Any CPU.ActiveCfg = Debug|Any CPU
		{7DB7CEAC-912E-48DB-ABD9-D918D1E899EE}.Debug|Any CPU.Build.0 = Debug|Any CPU
		{7DB7CEAC-912E-48DB-ABD9-D918D1E899EE}.Release|Any CPU.ActiveCfg = Release|Any CPU
		{7DB7CEAC-912E-48DB-ABD9-D918D1E899EE}.Release|Any CPU.Build.0 = Release|Any CPU
	EndGlobalSection
EndGlobal
