
Microsoft Visual Studio Solution File, Format Version 12.00
# Visual Studio 15
Project("{FAE04EC0-301F-11D3-BF4B-00C04F79EFBC}") = "BattleForNarnia", "BattleForNarnia.csproj", "{74D16455-9E99-4BB4-BC3B-089D3ABCCD4B}"
EndProject
Global
	GlobalSection(SolutionConfigurationPlatforms) = preSolution
		Debug|Any CPU = Debug|Any CPU
		Release|Any CPU = Release|Any CPU
	EndGlobalSection
	GlobalSection(ProjectConfigurationPlatforms) = postSolution
		{74D16455-9E99-4BB4-BC3B-089D3ABCCD4B}.Debug|Any CPU.ActiveCfg = Debug|Any CPU
		{74D16455-9E99-4BB4-BC3B-089D3ABCCD4B}.Debug|Any CPU.Build.0 = Debug|Any CPU
		{74D16455-9E99-4BB4-BC3B-089D3ABCCD4B}.Release|Any CPU.ActiveCfg = Release|Any CPU
		{74D16455-9E99-4BB4-BC3B-089D3ABCCD4B}.Release|Any CPU.Build.0 = Release|Any CPU
	EndGlobalSection
EndGlobal
